Microsoft Visual Studio Solution File, Format Version 12.00
# Visual Studio Version 17
VisualStudioVersion = 17.5.2.0
MinimumVisualStudioVersion = 10.0.40219.1
Project("{FAE04EC0-301F-11D3-BF4B-00C04F79EFBC}") = "ApiDanielLucas", "ApiDanielLucas.csproj", "{A80A02B5-9AB7-FA7C-EE42-24723CE6E516}"
EndProject
Global
	GlobalSection(SolutionConfigurationPlatforms) = preSolution
		Debug|Any CPU = Debug|Any CPU
		Release|Any CPU = Release|Any CPU
	EndGlobalSection
	GlobalSection(ProjectConfigurationPlatforms) = postSolution
		{A80A02B5-9AB7-FA7C-EE42-24723CE6E516}.Debug|Any CPU.ActiveCfg = Debug|Any CPU
		{A80A02B5-9AB7-FA7C-EE42-24723CE6E516}.Debug|Any CPU.Build.0 = Debug|Any CPU
		{A80A02B5-9AB7-FA7C-EE42-24723CE6E516}.Release|Any CPU.ActiveCfg = Release|Any CPU
		{A80A02B5-9AB7-FA7C-EE42-24723CE6E516}.Release|Any CPU.Build.0 = Release|Any CPU
	EndGlobalSection
	GlobalSection(SolutionProperties) = preSolution
		HideSolutionNode = FALSE
	EndGlobalSection
	GlobalSection(ExtensibilityGlobals) = postSolution
		SolutionGuid = {81FB92FE-1DBC-4A99-B762-989E9F5E9BD5}
	EndGlobalSection
EndGlobal
